
Microsoft Visual Studio Solution File, Format Version 12.00
# Visual Studio 15
VisualStudioVersion = 15.0.28010.2041
MinimumVisualStudioVersion = 10.0.40219.1
Project("{8BC9CEB8-8B4A-11D0-8D11-00A0C91BC942}") = "Capitulo_11", "Capitulo_11\Capitulo_11.vcxproj", "{CC89833B-0970-4117-B9FA-8918E6B999D3}"
EndProject
Global
	GlobalSection(SolutionConfigurationPlatforms) = preSolution
		Debug|x64 = Debug|x64
		Debug|x86 = Debug|x86
		Release|x64 = Release|x64
		Release|x86 = Release|x86
	EndGlobalSection
	GlobalSection(ProjectConfigurationPlatforms) = postSolution
		{CC89833B-0970-4117-B9FA-8918E6B999D3}.Debug|x64.ActiveCfg = Debug|x64
		{CC89833B-0970-4117-B9FA-8918E6B999D3}.Debug|x64.Build.0 = Debug|x64
		{CC89833B-0970-4117-B9FA-8918E6B999D3}.Debug|x86.ActiveCfg = Debug|Win32
		{CC89833B-0970-4117-B9FA-8918E6B999D3}.Debug|x86.Build.0 = Debug|Win32
		{CC89833B-0970-4117-B9FA-8918E6B999D3}.Release|x64.ActiveCfg = Release|x64
		{CC89833B-0970-4117-B9FA-8918E6B999D3}.Release|x64.Build.0 = Release|x64
		{CC89833B-0970-4117-B9FA-8918E6B999D3}.Release|x86.ActiveCfg = Release|Win32
		{CC89833B-0970-4117-B9FA-8918E6B999D3}.Release|x86.Build.0 = Release|Win32
	EndGlobalSection
	GlobalSection(SolutionProperties) = preSolution
		HideSolutionNode = FALSE
	EndGlobalSection
	GlobalSection(ExtensibilityGlobals) = postSolution
		SolutionGuid = {8382FCC1-BA40-4BD8-BC8B-6DA03868C159}
	EndGlobalSection
EndGlobal
